
Microsoft Visual Studio Solution File, Format Version 12.00
# Visual Studio Version 17
VisualStudioVersion = 17.11.35222.181
MinimumVisualStudioVersion = 10.0.40219.1
Project("{FAE04EC0-301F-11D3-BF4B-00C04F79EFBC}") = "PBOTugas1", "PBOTugas1\PBOTugas1.csproj", "{8F0EE382-8D66-4B42-A8BD-DE9A0FC3B549}"
EndProject
Global
	GlobalSection(SolutionConfigurationPlatforms) = preSolution
		Debug|Any CPU = Debug|Any CPU
		Release|Any CPU = Release|Any CPU
	EndGlobalSection
	GlobalSection(ProjectConfigurationPlatforms) = postSolution
		{8F0EE382-8D66-4B42-A8BD-DE9A0FC3B549}.Debug|Any CPU.ActiveCfg = Debug|Any CPU
		{8F0EE382-8D66-4B42-A8BD-DE9A0FC3B549}.Debug|Any CPU.Build.0 = Debug|Any CPU
		{8F0EE382-8D66-4B42-A8BD-DE9A0FC3B549}.Release|Any CPU.ActiveCfg = Release|Any CPU
		{8F0EE382-8D66-4B42-A8BD-DE9A0FC3B549}.Release|Any CPU.Build.0 = Release|Any CPU
	EndGlobalSection
	GlobalSection(SolutionProperties) = preSolution
		HideSolutionNode = FALSE
	EndGlobalSection
	GlobalSection(ExtensibilityGlobals) = postSolution
		SolutionGuid = {30BE2B93-A562-4605-A9B3-F06E03D694C5}
	EndGlobalSection
EndGlobal
